
Microsoft Visual Studio Solution File, Format Version 12.00
# Visual Studio Version 16
VisualStudioVersion = 16.0.31515.178
MinimumVisualStudioVersion = 10.0.40219.1
Project("{FAE04EC0-301F-11D3-BF4B-00C04F79EFBC}") = "GB_CODE_26", "GB_CODE_26\GB_CODE_26.csproj", "{5C1EB304-75F2-4708-8816-D2CCD90EE7F2}"
EndProject
Global
	GlobalSection(SolutionConfigurationPlatforms) = preSolution
		Debug|Any CPU = Debug|Any CPU
		Release|Any CPU = Release|Any CPU
	EndGlobalSection
	GlobalSection(ProjectConfigurationPlatforms) = postSolution
		{5C1EB304-75F2-4708-8816-D2CCD90EE7F2}.Debug|Any CPU.ActiveCfg = Debug|Any CPU
		{5C1EB304-75F2-4708-8816-D2CCD90EE7F2}.Debug|Any CPU.Build.0 = Debug|Any CPU
		{5C1EB304-75F2-4708-8816-D2CCD90EE7F2}.Release|Any CPU.ActiveCfg = Release|Any CPU
		{5C1EB304-75F2-4708-8816-D2CCD90EE7F2}.Release|Any CPU.Build.0 = Release|Any CPU
	EndGlobalSection
	GlobalSection(SolutionProperties) = preSolution
		HideSolutionNode = FALSE
	EndGlobalSection
	GlobalSection(ExtensibilityGlobals) = postSolution
		SolutionGuid = {F7076148-A3C7-45DF-96AA-F8860575AE51}
	EndGlobalSection
EndGlobal
